{
  "version": "0.0.1",
  "lockfileVersion": 1,
  "requires": true,
  "dependencies": {
    "@types/estree": {
      "version": "0.0.44",
      "resolved": "https://registry.npm.taobao.org/@types/estree/download/@types/estree-0.0.44.tgz?cache=0&sync_timestamp=1584727775273&other_urls=https%3A%2F%2Fregistry.npm.taobao.org%2F%40types%2Festree%2Fdownload%2F%40types%2Festree-0.0.44.tgz",
      "integrity": "sha1-mAzFopo+876m/x99AhBH1+pXXiE=",
      "dev": true
    },
    "@types/node": {
      "version": "13.9.3",
      "resolved": "https://registry.npm.taobao.org/@types/node/download/@types/node-13.9.3.tgz?cache=0&sync_timestamp=1584884115169&other_urls=https%3A%2F%2Fregistry.npm.taobao.org%2F%40types%2Fnode%2Fdownload%2F%40types%2Fnode-13.9.3.tgz",
      "integrity": "sha1-Y1bfJkfenqxWn5pS7aNID6nnC00=",
      "dev": true
    },
    "@types/resolve": {
      "version": "0.0.8",
      "resolved": "https://registry.npm.taobao.org/@types/resolve/download/@types/resolve-0.0.8.tgz",
      "integrity": "sha1-8mB00jjgJlnjI84aE9BB7uKA4ZQ=",
      "dev": true,
      "requires": {
        "@types/node": "*"
      }
    },
    "acorn": {
      "version": "7.1.1",
      "resolved": "https://registry.npm.taobao.org/acorn/download/acorn-7.1.1.tgz?cache=0&other_urls=https%3A%2F%2Fregistry.npm.taobao.org%2Facorn%2Fdownload%2Facorn-7.1.1.tgz",
      "integrity": "sha1-41Zo3gtALzWd5RXFSCoaufiaab8=",
      "dev": true
    },
    "builtin-modules": {
      "version": "3.1.0",
      "resolved": "https://registry.npm.taobao.org/builtin-modules/download/builtin-modules-3.1.0.tgz",
      "integrity": "sha1-qtl8FRMet2tltQ7yCOdYTNdqdIQ=",
      "dev": true
    },
    "estree-walker": {
      "version": "0.6.1",
      "resolved": "https://registry.npm.taobao.org/estree-walker/download/estree-walker-0.6.1.tgz",
      "integrity": "sha1-UwSRQ/QMbrkYsjZx0f4yGfOhs2I=",
      "dev": true
    },
    "is-module": {
      "version": "1.0.0",
      "resolved": "https://registry.npm.taobao.org/is-module/download/is-module-1.0.0.tgz",
      "integrity": "sha1-Mlj7afeMFNW4FdZkM2tM/7ZEFZE=",
      "dev": true
    },
    "is-reference": {
      "version": "1.1.4",
      "resolved": "https://registry.npm.taobao.org/is-reference/download/is-reference-1.1.4.tgz",
      "integrity": "sha1-P5WEmIbdtwJWo+bQYrGmjBPFFCc=",
      "dev": true,
      "requires": {
        "@types/estree": "0.0.39"
      },
      "dependencies": {
        "@types/estree": {
          "version": "0.0.39",
          "resolved": "https://registry.npm.taobao.org/@types/estree/download/@types/estree-0.0.39.tgz?cache=0&sync_timestamp=1584727775273&other_urls=https%3A%2F%2Fregistry.npm.taobao.org%2F%40types%2Festree%2Fdownload%2F%40types%2Festree-0.0.39.tgz",
          "integrity": "sha1-4Xfmme4bjCLSMXTKqnQiZEOJUJ8=",
          "dev": true
        }
      }
    },
    "jwt-simple": {
      "version": "0.5.6",
      "resolved": "https://registry.npm.taobao.org/jwt-simple/download/jwt-simple-0.5.6.tgz",
      "integrity": "sha1-M1et7FWyZUcRQVe+ZnSJlbdbMzo="
    },
    "magic-string": {
      "version": "0.25.7",
      "resolved": "https://registry.npm.taobao.org/magic-string/download/magic-string-0.25.7.tgz",
      "integrity": "sha1-P0l9b9NMZpxnmNy4IfLvMfVEUFE=",
      "dev": true,
      "requires": {
        "sourcemap-codec": "^1.4.4"
      }
    },
    "path-parse": {
      "version": "1.0.6",
      "resolved": "https://registry.npm.taobao.org/path-parse/download/path-parse-1.0.6.tgz",
      "integrity": "sha1-1i27VnlAXXLEc37FhgDp3c8G0kw=",
      "dev": true
    },
    "resolve": {
      "version": "1.15.1",
      "resolved": "https://registry.npm.taobao.org/resolve/download/resolve-1.15.1.tgz",
      "integrity": "sha1-J73N7/6vLWJEuVuw+fS0ZTRR8+g=",
      "dev": true,
      "requires": {
        "path-parse": "^1.0.6"
      }
    },
    "rollup": {
      "version": "1.32.1",
      "resolved": "https://registry.npm.taobao.org/rollup/download/rollup-1.32.1.tgz?cache=0&sync_timestamp=1584536115332&other_urls=https%3A%2F%2Fregistry.npm.taobao.org%2Frollup%2Fdownload%2Frollup-1.32.1.tgz",
      "integrity": "sha1-RIDlLZ2eKuS0a6DZ3erzFjlA+cQ=",
      "dev": true,
      "requires": {
        "@types/estree": "*",
        "@types/node": "*",
        "acorn": "^7.1.0"
      }
    },
    "rollup-plugin-commonjs": {
      "version": "10.1.0",
      "resolved": "https://registry.npm.taobao.org/rollup-plugin-commonjs/download/rollup-plugin-commonjs-10.1.0.tgz",
      "integrity": "sha1-QXrztUUDh44ITRJ6300cr4vrhvs=",
      "dev": true,
      "requires": {
        "estree-walker": "^0.6.1",
        "is-reference": "^1.1.2",
        "magic-string": "^0.25.2",
        "resolve": "^1.11.0",
        "rollup-pluginutils": "^2.8.1"
      }
    },
    "rollup-plugin-node-resolve": {
      "version": "5.2.0",
      "resolved": "https://registry.npm.taobao.org/rollup-plugin-node-resolve/download/rollup-plugin-node-resolve-5.2.0.tgz",
      "integrity": "sha1-cw+T0Q7SAkc7H7VKWZen24xthSM=",
      "dev": true,
      "requires": {
        "@types/resolve": "0.0.8",
        "builtin-modules": "^3.1.0",
        "is-module": "^1.0.0",
        "resolve": "^1.11.1",
        "rollup-pluginutils": "^2.8.1"
      }
    },
    "rollup-pluginutils": {
      "version": "2.8.2",
      "resolved": "https://registry.npm.taobao.org/rollup-pluginutils/download/rollup-pluginutils-2.8.2.tgz",
      "integrity": "sha1-cvKvB0i1kjZNvTOJ5gDlqURKNR4=",
      "dev": true,
      "requires": {
        "estree-walker": "^0.6.1"
      }
    },
    "sourcemap-codec": {
      "version": "1.4.8",
      "resolved": "https://registry.npm.taobao.org/sourcemap-codec/download/sourcemap-codec-1.4.8.tgz",
      "integrity": "sha1-6oBL2UhXQC5pktBaOO8a41qatMQ=",
      "dev": true
    }
  }
}
